<?xml version="1.0" encoding="utf-8"?>
<Project ToolsVersion="4.0" xmlns="http://schemas.microsoft.com/developer/msbuild/2003">
  <ItemGroup>
    <Filter Include="Source Files">
      <UniqueIdentifier>{4FC737F1-C7A5-4376-A066-2A32D752A2FF}</UniqueIdentifier>
      <Extensions>cpp;c;cc;cxx;def;odl;idl;hpj;bat;asm;asmx</Extensions>
    </Filter>
    <Filter Include="Header Files">
      <UniqueIdentifier>{93995380-89BD-4b04-88EB-625FBE52EBFB}</UniqueIdentifier>
      <Extensions>h;hh;hpp;hxx;hm;inl;inc;ipp;xsd</Extensions>
    </Filter>
    <Filter Include="Resource Files">
      <UniqueIdentifier>{67DA6AB6-F800-4c08-8B7A-83BB121AAD01}</UniqueIdentifier>
      <Extensions>rc;ico;cur;bmp;dlg;rc2;rct;bin;rgs;gif;jpg;jpeg;jpe;resx;tiff;tif;png;wav;mfcribbon-ms</Extensions>
    </Filter>
  </ItemGroup>
  <ItemGroup>
    <ClCompile Include="Main.cpp">
      <Filter>Source Files</Filter>
    </ClCompile>
    <ClCompile Include="Graphics.cpp">
      <Filter>Source Files</Filter>
    </ClCompile>
    <ClCompile Include="gamecontroller.cpp">
      <Filter>Source Files</Filter>
    </ClCompile>
    <ClCompile Include="intro.cpp">
      <Filter>Source Files</Filter>
    </ClCompile>
    <ClCompile Include="gamelevel.cpp">
      <Filter>Source Files</Filter>
    </ClCompile>
    <ClCompile Include="spritesheet.cpp">
      <Filter>Source Files</Filter>
    </ClCompile>
    <ClCompile Include="Gamemenu.cpp">
      <Filter>Source Files</Filter>
    </ClCompile>
    <ClCompile Include="history.cpp">
      <Filter>Source Files</Filter>
    </ClCompile>
    <ClCompile Include="historylvl2.cpp">
      <Filter>Source Files</Filter>
    </ClCompile>
    <ClCompile Include="Bet.cpp">
      <Filter>Source Files</Filter>
    </ClCompile>
    <ClCompile Include="day.cpp">
      <Filter>Source Files</Filter>
    </ClCompile>
    <ClCompile Include="WinLoss_screen.cpp">
      <Filter>Source Files</Filter>
    </ClCompile>
    <ClCompile Include="credits.cpp">
      <Filter>Source Files</Filter>
    </ClCompile>
    <ClCompile Include="Arcade_mode_logo.cpp">
      <Filter>Source Files</Filter>
    </ClCompile>
    <ClCompile Include="Arcade_gui.cpp">
      <Filter>Source Files</Filter>
    </ClCompile>
    <ClCompile Include="Arcade.cpp">
      <Filter>Source Files</Filter>
    </ClCompile>
    <ClCompile Include="Figher_selection.cpp">
      <Filter>Source Files</Filter>
    </ClCompile>
    <ClCompile Include="Big_picture_fighter_selection.cpp">
      <Filter>Source Files</Filter>
    </ClCompile>
    <ClCompile Include="squares_for_fight_selection.cpp">
      <Filter>Source Files</Filter>
    </ClCompile>
    <ClCompile Include="Fighters.cpp">
      <Filter>Source Files</Filter>
    </ClCompile>
  </ItemGroup>
  <ItemGroup>
    <ClInclude Include="Graphics.h">
      <Filter>Header Files</Filter>
    </ClInclude>
    <ClInclude Include="Gamelevel.h">
      <Filter>Header Files</Filter>
    </ClInclude>
    <ClInclude Include="Gamecontroller.h">
      <Filter>Header Files</Filter>
    </ClInclude>
    <ClInclude Include="Intro.h">
      <Filter>Header Files</Filter>
    </ClInclude>
    <ClInclude Include="spritesheet.h">
      <Filter>Header Files</Filter>
    </ClInclude>
    <ClInclude Include="Gamemenu.h">
      <Filter>Header Files</Filter>
    </ClInclude>
    <ClInclude Include="history.h">
      <Filter>Header Files</Filter>
    </ClInclude>
    <ClInclude Include="historylvl2.h">
      <Filter>Header Files</Filter>
    </ClInclude>
    <ClInclude Include="Bet.h">
      <Filter>Header Files</Filter>
    </ClInclude>
    <ClInclude Include="day.h">
      <Filter>Header Files</Filter>
    </ClInclude>
    <ClInclude Include="WinLoss_screen.h">
      <Filter>Header Files</Filter>
    </ClInclude>
    <ClInclude Include="credits.h">
      <Filter>Header Files</Filter>
    </ClInclude>
    <ClInclude Include="Arcade_gui.h">
      <Filter>Header Files</Filter>
    </ClInclude>
    <ClInclude Include="Arcade_mode_logo.h">
      <Filter>Header Files</Filter>
    </ClInclude>
    <ClInclude Include="Arcade.h">
      <Filter>Header Files</Filter>
    </ClInclude>
    <ClInclude Include="Figher_selection.h">
      <Filter>Header Files</Filter>
    </ClInclude>
    <ClInclude Include="squares_for_fight_selection.h">
      <Filter>Header Files</Filter>
    </ClInclude>
    <ClInclude Include="Big_picture_fighter_selection.h">
      <Filter>Header Files</Filter>
    </ClInclude>
    <ClInclude Include="Fighters.h">
      <Filter>Header Files</Filter>
    </ClInclude>
    <ClInclude Include="resource.h">
      <Filter>Header Files</Filter>
    </ClInclude>
  </ItemGroup>
  <ItemGroup>
    <ResourceCompile Include="GAME OF THE YEAR.rc">
      <Filter>Resource Files</Filter>
    </ResourceCompile>
  </ItemGroup>
</Project>